
Microsoft Visual Studio Solution File, Format Version 11.00
# Visual Studio 2010
Project("{FAE04EC0-301F-11D3-BF4B-00C04F79EFBC}") = "Team1732ScoutingWebForm", "Team1732ScoutingWebForm\Team1732ScoutingWebForm.csproj", "{8256FF6B-A84E-4FBC-9F64-829A61E8DA25}"
EndProject
Global
	GlobalSection(SolutionConfigurationPlatforms) = preSolution
		Debug|Any CPU = Debug|Any CPU
		Release|Any CPU = Release|Any CPU
	EndGlobalSection
	GlobalSection(ProjectConfigurationPlatforms) = postSolution
		{8256FF6B-A84E-4FBC-9F64-829A61E8DA25}.Debug|Any CPU.ActiveCfg = Debug|Any CPU
		{8256FF6B-A84E-4FBC-9F64-829A61E8DA25}.Debug|Any CPU.Build.0 = Debug|Any CPU
		{8256FF6B-A84E-4FBC-9F64-829A61E8DA25}.Release|Any CPU.ActiveCfg = Release|Any CPU
		{8256FF6B-A84E-4FBC-9F64-829A61E8DA25}.Release|Any CPU.Build.0 = Release|Any CPU
	EndGlobalSection
	GlobalSection(SolutionProperties) = preSolution
		HideSolutionNode = FALSE
	EndGlobalSection
EndGlobal
